{
  "name": "barelinks-api-service",
  "version": "1.0.0",
  "lockfileVersion": 1,
  "requires": true,
  "dependencies": {
    "extend-shallow": {
      "version": "2.0.1",
      "resolved": "https://registry.npmjs.org/extend-shallow/-/extend-shallow-2.0.1.tgz",
      "integrity": "sha1-Ua99YUrZqfYQ6huvu5idaxxWiQ8=",
      "requires": {
        "is-extendable": "^0.1.0"
      }
    },
    "is-extendable": {
      "version": "0.1.1",
      "resolved": "https://registry.npmjs.org/is-extendable/-/is-extendable-0.1.1.tgz",
      "integrity": "sha1-YrEQ4omkcUGOPsNqYX1HLjAd/Ik="
    },
    "node-fetch": {
      "version": "2.6.0",
      "resolved": "https://registry.npmjs.org/node-fetch/-/node-fetch-2.6.0.tgz",
      "integrity": "sha512-8dG4H5ujfvFiqDmVu9fQ5bOHUC15JMjMY/Zumv26oOvvVJjM67KF8koCWIabKQ1GJIa9r2mMZscBq/TbdOcmNA=="
    },
    "unescape": {
      "version": "1.0.1",
      "resolved": "https://registry.npmjs.org/unescape/-/unescape-1.0.1.tgz",
      "integrity": "sha512-O0+af1Gs50lyH1nUu3ZyYS1cRh01Q/kUKatTOkSs7jukXE6/NebucDVxyiDsA9AQ4JC1V1jUH9EO8JX2nMDgGQ==",
      "requires": {
        "extend-shallow": "^2.0.1"
      }
    }
  }
}
